{
    "_meta": {
        "hash": {
            "sha256": "af6fb99e7d131f52b33b6f35e75a7b3e43855adbf8cf065831cf50190d7d19ce"
        },
        "pipfile-spec": 6,
        "requires": {
            "python_version": "3.12"
        },
        "sources": [
            {
                "name": "pypi",
                "url": "https://pypi.org/simple",
                "verify_ssl": true
            }
        ]
    },
    "default": {},
    "develop": {}
}
